
Microsoft Visual Studio Solution File, Format Version 12.00
# Visual Studio Version 17
VisualStudioVersion = 17.8.34330.188
MinimumVisualStudioVersion = 10.0.40219.1
Project("{8BC9CEB8-8B4A-11D0-8D11-00A0C91BC942}") = "Test_Sobes2", "Test_Sobes2.vcxproj", "{5CD7DCF9-DAC7-4760-9CBA-879A2056CE64}"
EndProject
Global
	GlobalSection(SolutionConfigurationPlatforms) = preSolution
		Debug|x64 = Debug|x64
		Debug|x86 = Debug|x86
		Release|x64 = Release|x64
		Release|x86 = Release|x86
	EndGlobalSection
	GlobalSection(ProjectConfigurationPlatforms) = postSolution
		{5CD7DCF9-DAC7-4760-9CBA-879A2056CE64}.Debug|x64.ActiveCfg = Debug|x64
		{5CD7DCF9-DAC7-4760-9CBA-879A2056CE64}.Debug|x64.Build.0 = Debug|x64
		{5CD7DCF9-DAC7-4760-9CBA-879A2056CE64}.Debug|x86.ActiveCfg = Debug|Win32
		{5CD7DCF9-DAC7-4760-9CBA-879A2056CE64}.Debug|x86.Build.0 = Debug|Win32
		{5CD7DCF9-DAC7-4760-9CBA-879A2056CE64}.Release|x64.ActiveCfg = Release|x64
		{5CD7DCF9-DAC7-4760-9CBA-879A2056CE64}.Release|x64.Build.0 = Release|x64
		{5CD7DCF9-DAC7-4760-9CBA-879A2056CE64}.Release|x86.ActiveCfg = Release|Win32
		{5CD7DCF9-DAC7-4760-9CBA-879A2056CE64}.Release|x86.Build.0 = Release|Win32
	EndGlobalSection
	GlobalSection(SolutionProperties) = preSolution
		HideSolutionNode = FALSE
	EndGlobalSection
	GlobalSection(ExtensibilityGlobals) = postSolution
		SolutionGuid = {185616D9-7632-4F57-B75A-71F847D2728A}
	EndGlobalSection
EndGlobal
